{
  "sim/realism-lint.mjs": "a3ddf1be8802f5ab0f26df45ac260b001c14752cf376f074952d9e37565ae646",
  "sim/report.mjs": "9df7382af41279c95e3d474d8ed91fa911bde8533a7b5be4ee7328d3d5308004",
  "sim/pitchshot.mjs": "836fb7e775efb1049535ac38f03d88f92f0bf11dd6d04d5b06ab822da1724f2d",
  "docs/reference/match_stats.json": "c2d37202a607560b43a7238fc8f18ba89ef589b76e2d810e51252ca9ab8f9daa",
  "docs/reference/README.md": "dcce0a57e7ff4d5b04a150f92a2a627792c8eab6009f4f53ede7bf9f172ae151",
  "docs/reference/target-pitch.png": null,
  ".claude/loop/judge.md": "4f1e190d650c9a73bb0e80f8209c39a8dd6d07975448c2ce8337c27841b28241",
  ".claude/loop/match-realism.md": "0a20b4bbb470b8ccea5f2d3f4d7935821ed26edef4b98355c2abeaf45e6addac",
  ".claude/loop/guard.mjs": "444acc130b0e69bf3e9b35a96be57eef74906c225fae7dee343867c38973a971"
}
